// !$*UTF8*$!
{
	archiveVersion = 1;
	classes = {
	};
	objectVersion = 55;
	objects = {

/* Begin PBXBuildFile section */
		21427E612982D55700284314 /* Rap.cpp in Sources */ = {isa = PBXBuildFile; fileRef = 21427E5F2982D55700284314 /* Rap.cpp */; };
		21682723297AAFC300B70D8F /* Rock.cpp in Sources */ = {isa = PBXBuildFile; fileRef = 21682721297AAFC300B70D8F /* Rock.cpp */; };
		21BE154D298465E500744705 /* Classical.cpp in Sources */ = {isa = PBXBuildFile; fileRef = 21BE154B298465E500744705 /* Classical.cpp */; };
		21C4906F297A8CA1002430A9 /* Person.cpp in Sources */ = {isa = PBXBuildFile; fileRef = 21C4906D297A8CA0002430A9 /* Person.cpp */; };
		21D9F2432978457100EAE533 /* Menu.cpp in Sources */ = {isa = PBXBuildFile; fileRef = 21D9F2402978457000EAE533 /* Menu.cpp */; };
		21D9F2442978457100EAE533 /* Album.cpp in Sources */ = {isa = PBXBuildFile; fileRef = 21D9F2422978457100EAE533 /* Album.cpp */; };
/* End PBXBuildFile section */

/* Begin PBXCopyFilesBuildPhase section */
		21709D6B295CB8FB00BFC0D5 /* CopyFiles */ = {
			isa = PBXCopyFilesBuildPhase;
			buildActionMask = 2147483647;
			dstPath = /usr/share/man/man1/;
			dstSubfolderSpec = 0;
			files = (
			);
			runOnlyForDeploymentPostprocessing = 1;
		};
/* End PBXCopyFilesBuildPhase section */

/* Begin PBXFileReference section */
		21427E5F2982D55700284314 /* Rap.cpp */ = {isa = PBXFileReference; lastKnownFileType = sourcecode.cpp.cpp; path = Rap.cpp; sourceTree = "<group>"; };
		21427E602982D55700284314 /* Rap.hpp */ = {isa = PBXFileReference; lastKnownFileType = sourcecode.cpp.h; path = Rap.hpp; sourceTree = "<group>"; };
		21682721297AAFC300B70D8F /* Rock.cpp */ = {isa = PBXFileReference; fileEncoding = 2147483655; lastKnownFileType = sourcecode.cpp.cpp; path = Rock.cpp; sourceTree = "<group>"; };
		21682722297AAFC300B70D8F /* Rock.hpp */ = {isa = PBXFileReference; lastKnownFileType = sourcecode.cpp.h; path = Rock.hpp; sourceTree = "<group>"; };
		21709D6D295CB8FB00BFC0D5 /* cppTraining */ = {isa = PBXFileReference; explicitFileType = "compiled.mach-o.executable"; includeInIndex = 0; path = cppTraining; sourceTree = BUILT_PRODUCTS_DIR; };
		21BE154B298465E500744705 /* Classical.cpp */ = {isa = PBXFileReference; lastKnownFileType = sourcecode.cpp.cpp; path = Classical.cpp; sourceTree = "<group>"; };
		21BE154C298465E500744705 /* Classical.hpp */ = {isa = PBXFileReference; lastKnownFileType = sourcecode.cpp.h; path = Classical.hpp; sourceTree = "<group>"; };
		21C4906D297A8CA0002430A9 /* Person.cpp */ = {isa = PBXFileReference; fileEncoding = 4; lastKnownFileType = sourcecode.cpp.cpp; name = Person.cpp; path = "../../../Downloads/ConsoleApplication2-6/ConsoleApplication2/Person.cpp"; sourceTree = "<group>"; };
		21C4906E297A8CA0002430A9 /* person.h */ = {isa = PBXFileReference; fileEncoding = 4; lastKnownFileType = sourcecode.c.h; name = person.h; path = "../../../Downloads/ConsoleApplication2-6/ConsoleApplication2/person.h"; sourceTree = "<group>"; };
		21D9F2402978457000EAE533 /* Menu.cpp */ = {isa = PBXFileReference; fileEncoding = 2147483655; lastKnownFileType = sourcecode.cpp.cpp; name = Menu.cpp; path = "../../../Desktop/С++ project/Menu.cpp"; sourceTree = "<group>"; };
		21D9F2412978457000EAE533 /* MenuHeader.hpp */ = {isa = PBXFileReference; fileEncoding = 4; lastKnownFileType = sourcecode.cpp.h; name = MenuHeader.hpp; path = "../../../Desktop/С++ project/MenuHeader.hpp"; sourceTree = "<group>"; };
		21D9F2422978457100EAE533 /* Album.cpp */ = {isa = PBXFileReference; fileEncoding = 4; lastKnownFileType = sourcecode.cpp.cpp; name = Album.cpp; path = "../../../Desktop/С++ project/Album.cpp"; sourceTree = "<group>"; };
		21D9F2452978458000EAE533 /* AlbumHeader.h */ = {isa = PBXFileReference; fileEncoding = 4; lastKnownFileType = sourcecode.c.h; name = AlbumHeader.h; path = "../../../Desktop/С++ project/AlbumHeader.h"; sourceTree = "<group>"; };
/* End PBXFileReference section */

/* Begin PBXFrameworksBuildPhase section */
		21709D6A295CB8FB00BFC0D5 /* Frameworks */ = {
			isa = PBXFrameworksBuildPhase;
			buildActionMask = 2147483647;
			files = (
			);
			runOnlyForDeploymentPostprocessing = 0;
		};
/* End PBXFrameworksBuildPhase section */

/* Begin PBXGroup section */
		21709D64295CB8FB00BFC0D5 = {
			isa = PBXGroup;
			children = (
				21709D6F295CB8FB00BFC0D5 /* cppTraining */,
				21709D6E295CB8FB00BFC0D5 /* Products */,
			);
			sourceTree = "<group>";
		};
		21709D6E295CB8FB00BFC0D5 /* Products */ = {
			isa = PBXGroup;
			children = (
				21709D6D295CB8FB00BFC0D5 /* cppTraining */,
			);
			name = Products;
			sourceTree = "<group>";
		};
		21709D6F295CB8FB00BFC0D5 /* cppTraining */ = {
			isa = PBXGroup;
			children = (
				21D9F2422978457100EAE533 /* Album.cpp */,
				21D9F2452978458000EAE533 /* AlbumHeader.h */,
				21D9F2402978457000EAE533 /* Menu.cpp */,
				21D9F2412978457000EAE533 /* MenuHeader.hpp */,
				21682721297AAFC300B70D8F /* Rock.cpp */,
				21682722297AAFC300B70D8F /* Rock.hpp */,
				21427E5F2982D55700284314 /* Rap.cpp */,
				21427E602982D55700284314 /* Rap.hpp */,
				21C4906D297A8CA0002430A9 /* Person.cpp */,
				21C4906E297A8CA0002430A9 /* person.h */,
				21BE154B298465E500744705 /* Classical.cpp */,
				21BE154C298465E500744705 /* Classical.hpp */,
			);
			path = cppTraining;
			sourceTree = "<group>";
		};
/* End PBXGroup section */

/* Begin PBXNativeTarget section */
		21709D6C295CB8FB00BFC0D5 /* cppTraining */ = {
			isa = PBXNativeTarget;
			buildConfigurationList = 21709D74295CB8FB00BFC0D5 /* Build configuration list for PBXNativeTarget "cppTraining" */;
			buildPhases = (
				21709D69295CB8FB00BFC0D5 /* Sources */,
				21709D6A295CB8FB00BFC0D5 /* Frameworks */,
				21709D6B295CB8FB00BFC0D5 /* CopyFiles */,
			);
			buildRules = (
			);
			dependencies = (
			);
			name = cppTraining;
			productName = cppTraining;
			productReference = 21709D6D295CB8FB00BFC0D5 /* cppTraining */;
			productType = "com.apple.product-type.tool";
		};
/* End PBXNativeTarget section */

/* Begin PBXProject section */
		21709D65295CB8FB00BFC0D5 /* Project object */ = {
			isa = PBXProject;
			attributes = {
				BuildIndependentTargetsInParallel = 1;
				LastUpgradeCheck = 1310;
				TargetAttributes = {
					21709D6C295CB8FB00BFC0D5 = {
						CreatedOnToolsVersion = 13.1;
					};
				};
			};
			buildConfigurationList = 21709D68295CB8FB00BFC0D5 /* Build configuration list for PBXProject "cppTraining" */;
			compatibilityVersion = "Xcode 13.0";
			developmentRegion = en;
			hasScannedForEncodings = 0;
			knownRegions = (
				en,
				Base,
			);
			mainGroup = 21709D64295CB8FB00BFC0D5;
			productRefGroup = 21709D6E295CB8FB00BFC0D5 /* Products */;
			projectDirPath = "";
			projectRoot = "";
			targets = (
				21709D6C295CB8FB00BFC0D5 /* cppTraining */,
			);
		};
/* End PBXProject section */

/* Begin PBXSourcesBuildPhase section */
		21709D69295CB8FB00BFC0D5 /* Sources */ = {
			isa = PBXSourcesBuildPhase;
			buildActionMask = 2147483647;
			files = (
				21682723297AAFC300B70D8F /* Rock.cpp in Sources */,
				21427E612982D55700284314 /* Rap.cpp in Sources */,
				21D9F2432978457100EAE533 /* Menu.cpp in Sources */,
				21BE154D298465E500744705 /* Classical.cpp in Sources */,
				21C4906F297A8CA1002430A9 /* Person.cpp in Sources */,
				21D9F2442978457100EAE533 /* Album.cpp in Sources */,
			);
			runOnlyForDeploymentPostprocessing = 0;
		};
/* End PBXSourcesBuildPhase section */

/* Begin XCBuildConfiguration section */
		21709D72295CB8FB00BFC0D5 /* Debug */ = {
			isa = XCBuildConfiguration;
			buildSettings = {
				ALWAYS_SEARCH_USER_PATHS = NO;
				CLANG_ANALYZER_NONNULL = YES;
				CLANG_ANALYZER_NUMBER_OBJECT_CONVERSION = YES_AGGRESSIVE;
				CLANG_CXX_LANGUAGE_STANDARD = "gnu++17";
				CLANG_CXX_LIBRARY = "libc++";
				CLANG_ENABLE_MODULES = YES;
				CLANG_ENABLE_OBJC_ARC = YES;
				CLANG_ENABLE_OBJC_WEAK = YES;
				CLANG_WARN_BLOCK_CAPTURE_AUTORELEASING = YES;
				CLANG_WARN_BOOL_CONVERSION = YES;
				CLANG_WARN_COMMA = YES;
				CLANG_WARN_CONSTANT_CONVERSION = YES;
				CLANG_WARN_DEPRECATED_OBJC_IMPLEMENTATIONS = YES;
				CLANG_WARN_DIRECT_OBJC_ISA_USAGE = YES_ERROR;
				CLANG_WARN_DOCUMENTATION_COMMENTS = YES;
				CLANG_WARN_EMPTY_BODY = YES;
				CLANG_WARN_ENUM_CONVERSION = YES;
				CLANG_WARN_INFINITE_RECURSION = YES;
				CLANG_WARN_INT_CONVERSION = YES;
				CLANG_WARN_NON_LITERAL_NULL_CONVERSION = YES;
				CLANG_WARN_OBJC_IMPLICIT_RETAIN_SELF = YES;
				CLANG_WARN_OBJC_LITERAL_CONVERSION = YES;
				CLANG_WARN_OBJC_ROOT_CLASS = YES_ERROR;
				CLANG_WARN_QUOTED_INCLUDE_IN_FRAMEWORK_HEADER = YES;
				CLANG_WARN_RANGE_LOOP_ANALYSIS = YES;
				CLANG_WARN_STRICT_PROTOTYPES = YES;
				CLANG_WARN_SUSPICIOUS_MOVE = YES;
				CLANG_WARN_UNGUARDED_AVAILABILITY = YES_AGGRESSIVE;
				CLANG_WARN_UNREACHABLE_CODE = YES;
				CLANG_WARN__DUPLICATE_METHOD_MATCH = YES;
				COPY_PHASE_STRIP = NO;
				DEBUG_INFORMATION_FORMAT = dwarf;
				ENABLE_STRICT_OBJC_MSGSEND = YES;
				ENABLE_TESTABILITY = YES;
				GCC_C_LANGUAGE_STANDARD = gnu11;
				GCC_DYNAMIC_NO_PIC = NO;
				GCC_NO_COMMON_BLOCKS = YES;
				GCC_OPTIMIZATION_LEVEL = 0;
				GCC_PREPROCESSOR_DEFINITIONS = (
					"DEBUG=1",
					"$(inherited)",
				);
				GCC_WARN_64_TO_32_BIT_CONVERSION = YES;
				GCC_WARN_ABOUT_RETURN_TYPE = YES_ERROR;
				GCC_WARN_UNDECLARED_SELECTOR = YES;
				GCC_WARN_UNINITIALIZED_AUTOS = YES_AGGRESSIVE;
				GCC_WARN_UNUSED_FUNCTION = YES;
				GCC_WARN_UNUSED_VARIABLE = YES;
				MACOSX_DEPLOYMENT_TARGET = 12.0;
				MTL_ENABLE_DEBUG_INFO = INCLUDE_SOURCE;
				MTL_FAST_MATH = YES;
				ONLY_ACTIVE_ARCH = YES;
				SDKROOT = macosx;
			};
			name = Debug;
		};
		21709D73295CB8FB00BFC0D5 /* Release */ = {
			isa = XCBuildConfiguration;
			buildSettings = {
				ALWAYS_SEARCH_USER_PATHS = NO;
				CLANG_ANALYZER_NONNULL = YES;
				CLANG_ANALYZER_NUMBER_OBJECT_CONVERSION = YES_AGGRESSIVE;
				CLANG_CXX_LANGUAGE_STANDARD = "gnu++17";
				CLANG_CXX_LIBRARY = "libc++";
				CLANG_ENABLE_MODULES = YES;
				CLANG_ENABLE_OBJC_ARC = YES;
				CLANG_ENABLE_OBJC_WEAK = YES;
				CLANG_WARN_BLOCK_CAPTURE_AUTORELEASING = YES;
				CLANG_WARN_BOOL_CONVERSION = YES;
				CLANG_WARN_COMMA = YES;
				CLANG_WARN_CONSTANT_CONVERSION = YES;
				CLANG_WARN_DEPRECATED_OBJC_IMPLEMENTATIONS = YES;
				CLANG_WARN_DIRECT_OBJC_ISA_USAGE = YES_ERROR;
				CLANG_WARN_DOCUMENTATION_COMMENTS = YES;
				CLANG_WARN_EMPTY_BODY = YES;
				CLANG_WARN_ENUM_CONVERSION = YES;
				CLANG_WARN_INFINITE_RECURSION = YES;
				CLANG_WARN_INT_CONVERSION = YES;
				CLANG_WARN_NON_LITERAL_NULL_CONVERSION = YES;
				CLANG_WARN_OBJC_IMPLICIT_RETAIN_SELF = YES;
				CLANG_WARN_OBJC_LITERAL_CONVERSION = YES;
				CLANG_WARN_OBJC_ROOT_CLASS = YES_ERROR;
				CLANG_WARN_QUOTED_INCLUDE_IN_FRAMEWORK_HEADER = YES;
				CLANG_WARN_RANGE_LOOP_ANALYSIS = YES;
				CLANG_WARN_STRICT_PROTOTYPES = YES;
				CLANG_WARN_SUSPICIOUS_MOVE = YES;
				CLANG_WARN_UNGUARDED_AVAILABILITY = YES_AGGRESSIVE;
				CLANG_WARN_UNREACHABLE_CODE = YES;
				CLANG_WARN__DUPLICATE_METHOD_MATCH = YES;
				COPY_PHASE_STRIP = NO;
				DEBUG_INFORMATION_FORMAT = "dwarf-with-dsym";
				ENABLE_NS_ASSERTIONS = NO;
				ENABLE_STRICT_OBJC_MSGSEND = YES;
				GCC_C_LANGUAGE_STANDARD = gnu11;
				GCC_NO_COMMON_BLOCKS = YES;
				GCC_WARN_64_TO_32_BIT_CONVERSION = YES;
				GCC_WARN_ABOUT_RETURN_TYPE = YES_ERROR;
				GCC_WARN_UNDECLARED_SELECTOR = YES;
				GCC_WARN_UNINITIALIZED_AUTOS = YES_AGGRESSIVE;
				GCC_WARN_UNUSED_FUNCTION = YES;
				GCC_WARN_UNUSED_VARIABLE = YES;
				MACOSX_DEPLOYMENT_TARGET = 12.0;
				MTL_ENABLE_DEBUG_INFO = NO;
				MTL_FAST_MATH = YES;
				SDKROOT = macosx;
			};
			name = Release;
		};
		21709D75295CB8FB00BFC0D5 /* Debug */ = {
			isa = XCBuildConfiguration;
			buildSettings = {
				CODE_SIGN_STYLE = Automatic;
				DEVELOPMENT_TEAM = 3KVYC6FWL7;
				ENABLE_HARDENED_RUNTIME = YES;
				PRODUCT_NAME = "$(TARGET_NAME)";
			};
			name = Debug;
		};
		21709D76295CB8FB00BFC0D5 /* Release */ = {
			isa = XCBuildConfiguration;
			buildSettings = {
				CODE_SIGN_STYLE = Automatic;
				DEVELOPMENT_TEAM = 3KVYC6FWL7;
				ENABLE_HARDENED_RUNTIME = YES;
				PRODUCT_NAME = "$(TARGET_NAME)";
			};
			name = Release;
		};
/* End XCBuildConfiguration section */

/* Begin XCConfigurationList section */
		21709D68295CB8FB00BFC0D5 /* Build configuration list for PBXProject "cppTraining" */ = {
			isa = XCConfigurationList;
			buildConfigurations = (
				21709D72295CB8FB00BFC0D5 /* Debug */,
				21709D73295CB8FB00BFC0D5 /* Release */,
			);
			defaultConfigurationIsVisible = 0;
			defaultConfigurationName = Release;
		};
		21709D74295CB8FB00BFC0D5 /* Build configuration list for PBXNativeTarget "cppTraining" */ = {
			isa = XCConfigurationList;
			buildConfigurations = (
				21709D75295CB8FB00BFC0D5 /* Debug */,
				21709D76295CB8FB00BFC0D5 /* Release */,
			);
			defaultConfigurationIsVisible = 0;
			defaultConfigurationName = Release;
		};
/* End XCConfigurationList section */
	};
	rootObject = 21709D65295CB8FB00BFC0D5 /* Project object */;
}
